<?xml version="1.0" encoding="utf-8"?>
<Project ToolsVersion="17.0" xmlns="http://schemas.microsoft.com/developer/msbuild/2003">
  <ItemGroup>
    <CustomBuild Include="C:\Users\matth\OneDrive\Documents\Full Sail University\M17_GDB\Week 3\Assignments\LevelRenderer\Level_Renderer_Vulkan\CMakeFiles\d3d5a4a7117ddad7728a74c5c31ee103\generate.stamp.rule">
      <Filter>CMake Rules</Filter>
    </CustomBuild>
  </ItemGroup>
  <ItemGroup>
    <Filter Include="CMake Rules">
      <UniqueIdentifier>{86BEAF0E-F77C-3C48-A403-38FE437CAB2C}</UniqueIdentifier>
    </Filter>
  </ItemGroup>
</Project>
